{
  "name": "unionmomo",
  "version": "1.0.0",
  "lockfileVersion": 3,
  "requires": true,
  "packages": {
    "": {
      "name": "unionmomo",
      "version": "1.0.0",
      "license": "ISC",
      "dependencies": {
        "superpowers": "^0.0.2"
      }
    },
    "node_modules/superpowers": {
      "version": "0.0.2",
      "resolved": "https://registry.npmjs.org/superpowers/-/superpowers-0.0.2.tgz",
      "integrity": "sha512-U713GeusGuYpD2nECxDSb67yO92I07Df0whJe/1k3iy4qDLt+siFDVzoXAcSX2PwVO6kW+rzMv4QmCIrbSz7qw==",
      "license": "ISC"
    }
  }
}
